
Microsoft Visual Studio Solution File, Format Version 11.00
# Visual Studio 2010
Project("{FAE04EC0-301F-11D3-BF4B-00C04F79EFBC}") = "Greina.Tests", "Greina.Tests\Greina.Tests.csproj", "{5ACF998E-076E-4497-B94E-F0E936C7BA49}"
EndProject
Project("{FAE04EC0-301F-11D3-BF4B-00C04F79EFBC}") = "Greina.Core", "Greina.Core\Greina.Core.csproj", "{3AA65DB8-D32A-46E3-BB7E-F08F6904DF92}"
EndProject
Project("{FAE04EC0-301F-11D3-BF4B-00C04F79EFBC}") = "Greina.Sample.Mvc3", "Greina.Sample.Mvc3\Greina.Sample.Mvc3.csproj", "{AC05465F-5E15-4DB4-A502-FC814618C69B}"
EndProject
Project("{FAE04EC0-301F-11D3-BF4B-00C04F79EFBC}") = "Greina.Repository", "Greina.Repository\Greina.Repository.csproj", "{CD167025-AFE4-4BA7-A18D-7E394F0C8CE7}"
EndProject
Project("{FAE04EC0-301F-11D3-BF4B-00C04F79EFBC}") = "Greina.Service", "Greina.Service\Greina.Service.csproj", "{C2E3B83D-EEDA-44D6-8DF1-9A19BFD0B387}"
EndProject
Global
	GlobalSection(SolutionConfigurationPlatforms) = preSolution
		Debug|Any CPU = Debug|Any CPU
		Release|Any CPU = Release|Any CPU
	EndGlobalSection
	GlobalSection(ProjectConfigurationPlatforms) = postSolution
		{5ACF998E-076E-4497-B94E-F0E936C7BA49}.Debug|Any CPU.ActiveCfg = Debug|Any CPU
		{5ACF998E-076E-4497-B94E-F0E936C7BA49}.Debug|Any CPU.Build.0 = Debug|Any CPU
		{5ACF998E-076E-4497-B94E-F0E936C7BA49}.Release|Any CPU.ActiveCfg = Release|Any CPU
		{5ACF998E-076E-4497-B94E-F0E936C7BA49}.Release|Any CPU.Build.0 = Release|Any CPU
		{3AA65DB8-D32A-46E3-BB7E-F08F6904DF92}.Debug|Any CPU.ActiveCfg = Debug|Any CPU
		{3AA65DB8-D32A-46E3-BB7E-F08F6904DF92}.Debug|Any CPU.Build.0 = Debug|Any CPU
		{3AA65DB8-D32A-46E3-BB7E-F08F6904DF92}.Release|Any CPU.ActiveCfg = Release|Any CPU
		{3AA65DB8-D32A-46E3-BB7E-F08F6904DF92}.Release|Any CPU.Build.0 = Release|Any CPU
		{AC05465F-5E15-4DB4-A502-FC814618C69B}.Debug|Any CPU.ActiveCfg = Debug|Any CPU
		{AC05465F-5E15-4DB4-A502-FC814618C69B}.Debug|Any CPU.Build.0 = Debug|Any CPU
		{AC05465F-5E15-4DB4-A502-FC814618C69B}.Release|Any CPU.ActiveCfg = Release|Any CPU
		{AC05465F-5E15-4DB4-A502-FC814618C69B}.Release|Any CPU.Build.0 = Release|Any CPU
		{CD167025-AFE4-4BA7-A18D-7E394F0C8CE7}.Debug|Any CPU.ActiveCfg = Debug|Any CPU
		{CD167025-AFE4-4BA7-A18D-7E394F0C8CE7}.Debug|Any CPU.Build.0 = Debug|Any CPU
		{CD167025-AFE4-4BA7-A18D-7E394F0C8CE7}.Release|Any CPU.ActiveCfg = Release|Any CPU
		{CD167025-AFE4-4BA7-A18D-7E394F0C8CE7}.Release|Any CPU.Build.0 = Release|Any CPU
		{C2E3B83D-EEDA-44D6-8DF1-9A19BFD0B387}.Debug|Any CPU.ActiveCfg = Debug|Any CPU
		{C2E3B83D-EEDA-44D6-8DF1-9A19BFD0B387}.Debug|Any CPU.Build.0 = Debug|Any CPU
		{C2E3B83D-EEDA-44D6-8DF1-9A19BFD0B387}.Release|Any CPU.ActiveCfg = Release|Any CPU
		{C2E3B83D-EEDA-44D6-8DF1-9A19BFD0B387}.Release|Any CPU.Build.0 = Release|Any CPU
	EndGlobalSection
	GlobalSection(SolutionProperties) = preSolution
		HideSolutionNode = FALSE
	EndGlobalSection
EndGlobal
